
Microsoft Visual Studio Solution File, Format Version 12.00
# Visual Studio Version 17
VisualStudioVersion = 17.12.35707.178 d17.12
MinimumVisualStudioVersion = 10.0.40219.1
Project("{FAE04EC0-301F-11D3-BF4B-00C04F79EFBC}") = "POE_PROG_PART3", "POE_PROG_PART3.csproj", "{3B96FD20-51ED-49E2-89D8-8290850F3C57}"
EndProject
Global
	GlobalSection(SolutionConfigurationPlatforms) = preSolution
		Debug|Any CPU = Debug|Any CPU
		Release|Any CPU = Release|Any CPU
	EndGlobalSection
	GlobalSection(ProjectConfigurationPlatforms) = postSolution
		{3B96FD20-51ED-49E2-89D8-8290850F3C57}.Debug|Any CPU.ActiveCfg = Debug|Any CPU
		{3B96FD20-51ED-49E2-89D8-8290850F3C57}.Debug|Any CPU.Build.0 = Debug|Any CPU
		{3B96FD20-51ED-49E2-89D8-8290850F3C57}.Release|Any CPU.ActiveCfg = Release|Any CPU
		{3B96FD20-51ED-49E2-89D8-8290850F3C57}.Release|Any CPU.Build.0 = Release|Any CPU
	EndGlobalSection
	GlobalSection(SolutionProperties) = preSolution
		HideSolutionNode = FALSE
	EndGlobalSection
EndGlobal
